<?xml version="1.0" encoding="utf-8"?>
<Project ToolsVersion="4.0" xmlns="http://schemas.microsoft.com/developer/msbuild/2003">
  <ItemGroup>
    <Filter Include="Source Files">
      <UniqueIdentifier>{4FC737F1-C7A5-4376-A066-2A32D752A2FF}</UniqueIdentifier>
      <Extensions>cpp;c;cc;cxx;c++;cppm;ixx;def;odl;idl;hpj;bat;asm;asmx</Extensions>
    </Filter>
    <Filter Include="Header Files">
      <UniqueIdentifier>{93995380-89BD-4b04-88EB-625FBE52EBFB}</UniqueIdentifier>
      <Extensions>h;hh;hpp;hxx;h++;hm;inl;inc;ipp;xsd</Extensions>
    </Filter>
    <Filter Include="Resource Files">
      <UniqueIdentifier>{67DA6AB6-F800-4c08-8B7A-83BB121AAD01}</UniqueIdentifier>
      <Extensions>rc;ico;cur;bmp;dlg;rc2;rct;bin;rgs;gif;jpg;jpeg;jpe;resx;tiff;tif;png;wav;mfcribbon-ms</Extensions>
    </Filter>
  </ItemGroup>
  <ItemGroup>
    <ClCompile Include="src\Main.cpp">
      <Filter>Source Files</Filter>
    </ClCompile>
    <ClCompile Include="..\external\ImGUI\src\imgui.cpp">
      <Filter>Source Files</Filter>
    </ClCompile>
    <ClCompile Include="..\external\ImGUI\src\imgui_demo.cpp">
      <Filter>Source Files</Filter>
    </ClCompile>
    <ClCompile Include="..\external\ImGUI\src\imgui_draw.cpp">
      <Filter>Source Files</Filter>
    </ClCompile>
    <ClCompile Include="..\external\ImGUI\src\imgui_tables.cpp">
      <Filter>Source Files</Filter>
    </ClCompile>
    <ClCompile Include="..\external\ImGUI\src\imgui_widgets.cpp">
      <Filter>Source Files</Filter>
    </ClCompile>
    <ClCompile Include="..\external\ImGUI-SFML\src\imgui-SFML.cpp">
      <Filter>Source Files</Filter>
    </ClCompile>
    <ClCompile Include="src\Game.cpp">
      <Filter>Source Files</Filter>
    </ClCompile>
    <ClCompile Include="src\EntityManager.cpp">
      <Filter>Source Files</Filter>
    </ClCompile>
    <ClCompile Include="src\Entity.cpp">
      <Filter>Source Files</Filter>
    </ClCompile>
    <ClCompile Include="src\Component.cpp">
      <Filter>Source Files</Filter>
    </ClCompile>
    <ClCompile Include="src\CTransform.cpp">
      <Filter>Source Files</Filter>
    </ClCompile>
    <ClCompile Include="src\CShape.cpp">
      <Filter>Source Files</Filter>
    </ClCompile>
    <ClCompile Include="src\SRender.cpp">
      <Filter>Source Files</Filter>
    </ClCompile>
  </ItemGroup>
  <ItemGroup>
    <CopyFileToFolders Include="..\external\SFML\bin\sfml-audio-3.dll" />
    <CopyFileToFolders Include="..\external\SFML\bin\sfml-audio-d-3.dll" />
    <CopyFileToFolders Include="..\external\SFML\bin\sfml-graphics-3.dll" />
    <CopyFileToFolders Include="..\external\SFML\bin\sfml-graphics-d-3.dll" />
    <CopyFileToFolders Include="..\external\SFML\bin\sfml-network-3.dll" />
    <CopyFileToFolders Include="..\external\SFML\bin\sfml-network-d-3.dll" />
    <CopyFileToFolders Include="..\external\SFML\bin\sfml-system-3.dll" />
    <CopyFileToFolders Include="..\external\SFML\bin\sfml-system-d-3.dll" />
    <CopyFileToFolders Include="..\external\SFML\bin\sfml-window-3.dll" />
    <CopyFileToFolders Include="..\external\SFML\bin\sfml-window-d-3.dll" />
  </ItemGroup>
  <ItemGroup>
    <ClInclude Include="src\Game.h">
      <Filter>Header Files</Filter>
    </ClInclude>
    <ClInclude Include="src\Vec2.hpp">
      <Filter>Header Files</Filter>
    </ClInclude>
    <ClInclude Include="src\EntityManager.h">
      <Filter>Header Files</Filter>
    </ClInclude>
    <ClInclude Include="src\Entity.h">
      <Filter>Header Files</Filter>
    </ClInclude>
    <ClInclude Include="src\CTransform.h">
      <Filter>Header Files</Filter>
    </ClInclude>
    <ClInclude Include="src\CCollision.h">
      <Filter>Header Files</Filter>
    </ClInclude>
    <ClInclude Include="src\CScore.h">
      <Filter>Header Files</Filter>
    </ClInclude>
    <ClInclude Include="src\CInput.h">
      <Filter>Header Files</Filter>
    </ClInclude>
    <ClInclude Include="src\CShape.h">
      <Filter>Header Files</Filter>
    </ClInclude>
    <ClInclude Include="src\CLifespan.h">
      <Filter>Header Files</Filter>
    </ClInclude>
    <ClInclude Include="src\Component.h">
      <Filter>Header Files</Filter>
    </ClInclude>
    <ClInclude Include="src\SRender.h">
      <Filter>Header Files</Filter>
    </ClInclude>
  </ItemGroup>
</Project>